dependencies:
- name: nginx-ingress
  repository: https://helm.nginx.com/stable
  version: 1.0.0
- name: external-dns
  repository: https://charts.bitnami.com/bitnami
  version: 7.2.0
- name: postgresql
  repository: https://charts.bitnami.com/bitnami
  version: 12.1.6
- name: redis
  repository: https://charts.bitnami.com/bitnami
  version: 17.4.0
digest: sha256:e4d409e5fc4a5aeaa608f2e56f05baf0028f0c2572949d84c4d361d74d77724b
generated: "2024-07-18T18:14:22.459406-07:00"
