dependencies:
- name: nginx-ingress
  repository: https://helm.nginx.com/stable
  version: 1.2.0
- name: external-dns
  repository: https://charts.bitnami.com/bitnami
  version: 7.2.0
- name: postgresql
  repository: https://charts.bitnami.com/bitnami
  version: 12.1.6
- name: redis
  repository: https://charts.bitnami.com/bitnami
  version: 19.3.0
digest: sha256:42fd54790cf85c10ae3236d7244518fcd0f5cba26910938b85ec0a4e7a8f045a
generated: "2024-07-18T18:25:45.014834-07:00"
