dependencies:
- name: nginx-ingress
  repository: https://helm.nginx.com/stable
  version: 0.13.1
- name: external-dns
  repository: https://charts.bitnami.com/bitnami
  version: 3.3.0
- name: postgresql
  repository: https://charts.bitnami.com/bitnami
  version: 8.10.2
- name: redis
  repository: https://charts.bitnami.com/bitnami
  version: 10.7.16
digest: sha256:c19e8ee3e1e7f63189da9b131fa5fe741c46f50476a1cbe0479dfd4dd7b6ae46
generated: "2022-05-18T16:51:37.3890194-07:00"
